// !$*UTF8*$!
{
	archiveVersion = 1;
	classes = {
	};
	objectVersion = 46;
	objects = {

/* Begin PBXBuildFile section */
		1D3623260D0F684500981E51 /* ConvertAppDelegate.m in Sources */ = {isa = PBXBuildFile; fileRef = 1D3623250D0F684500981E51 /* ConvertAppDelegate.m */; };
		1D60589B0D05DD56006BFB54 /* main.m in Sources */ = {isa = PBXBuildFile; fileRef = 29B97316FDCFA39411CA2CEA /* main.m */; };
		1D60589F0D05DD5A006BFB54 /* Foundation.framework in Frameworks */ = {isa = PBXBuildFile; fileRef = 1D30AB110D05D00D00671497 /* Foundation.framework */; };
		1DF5F4E00D08C38300B7A737 /* UIKit.framework in Frameworks */ = {isa = PBXBuildFile; fileRef = 1DF5F4DF0D08C38300B7A737 /* UIKit.framework */; };
		288765A50DF7441C002DB57D /* CoreGraphics.framework in Frameworks */ = {isa = PBXBuildFile; fileRef = 288765A40DF7441C002DB57D /* CoreGraphics.framework */; };
		28D7ACF80DDB3853001CB0EB /* ConvertViewController.m in Sources */ = {isa = PBXBuildFile; fileRef = 28D7ACF70DDB3853001CB0EB /* ConvertViewController.m */; };
		DE269941179F48D400A78B11 /* libGoogleAnalytics.a in Frameworks */ = {isa = PBXBuildFile; fileRef = DE269940179F48D400A78B11 /* libGoogleAnalytics.a */; };
		DE269943179F48EA00A78B11 /* libGoogleAnalytics_debug.a in Frameworks */ = {isa = PBXBuildFile; fileRef = DE269942179F48E900A78B11 /* libGoogleAnalytics_debug.a */; };
		DE595231179EFF4A00D2B18D /* MainStoryboard.storyboard in Resources */ = {isa = PBXBuildFile; fileRef = DE595230179EFF4A00D2B18D /* MainStoryboard.storyboard */; };
		DE64299E17E1B59100AB80BF /* libOCMock.a in Frameworks */ = {isa = PBXBuildFile; fileRef = DE340F7517A6298C00EEFC97 /* libOCMock.a */; };
		DE6429A217E1B75800AB80BF /* MainStoryboard.storyboard in Resources */ = {isa = PBXBuildFile; fileRef = DE595230179EFF4A00D2B18D /* MainStoryboard.storyboard */; };
		DE6429A317E1B77000AB80BF /* License.txt in Resources */ = {isa = PBXBuildFile; fileRef = DEB992B417A628E1009F5A96 /* License.txt */; };
		DE6429A617E1B97600AB80BF /* CoreData.framework in Frameworks */ = {isa = PBXBuildFile; fileRef = DE7ACDFB179F4812009EABF1 /* CoreData.framework */; };
		DE6429A917E1B99C00AB80BF /* SystemConfiguration.framework in Frameworks */ = {isa = PBXBuildFile; fileRef = DE7ACDFD179F481E009EABF1 /* SystemConfiguration.framework */; };
		DE6CF1D910F48BAF006EC6D5 /* Converter.m in Sources */ = {isa = PBXBuildFile; fileRef = DE6CF1D810F48BAF006EC6D5 /* Converter.m */; };
		DE73C8BA1644EAC300E65D91 /* Default-568h@2x.png in Resources */ = {isa = PBXBuildFile; fileRef = DE73C8B91644EAC300E65D91 /* Default-568h@2x.png */; };
		DE7ACDFC179F4812009EABF1 /* CoreData.framework in Frameworks */ = {isa = PBXBuildFile; fileRef = DE7ACDFB179F4812009EABF1 /* CoreData.framework */; };
		DE7ACDFE179F481E009EABF1 /* SystemConfiguration.framework in Frameworks */ = {isa = PBXBuildFile; fileRef = DE7ACDFD179F481E009EABF1 /* SystemConfiguration.framework */; };
		DE88C9ED17E1B3CC00F3896C /* XCTest.framework in Frameworks */ = {isa = PBXBuildFile; fileRef = DE88C9EC17E1B3CC00F3896C /* XCTest.framework */; };
		DE88C9EE17E1B3CC00F3896C /* Foundation.framework in Frameworks */ = {isa = PBXBuildFile; fileRef = 1D30AB110D05D00D00671497 /* Foundation.framework */; };
		DE88C9EF17E1B3CC00F3896C /* UIKit.framework in Frameworks */ = {isa = PBXBuildFile; fileRef = 1DF5F4DF0D08C38300B7A737 /* UIKit.framework */; };
		DE88C9F517E1B3CC00F3896C /* InfoPlist.strings in Resources */ = {isa = PBXBuildFile; fileRef = DE88C9F317E1B3CC00F3896C /* InfoPlist.strings */; };
		DE88C9FE17E1B46500F3896C /* ConverterTests.m in Sources */ = {isa = PBXBuildFile; fileRef = DEF67DC917A60EB700CD9169 /* ConverterTests.m */; };
		DE88C9FF17E1B46500F3896C /* ConvertAppDelegateTests.m in Sources */ = {isa = PBXBuildFile; fileRef = DE478D8917A612A300E1893B /* ConvertAppDelegateTests.m */; };
		DE88CA0017E1B46500F3896C /* ConvertViewControllerTests.m in Sources */ = {isa = PBXBuildFile; fileRef = DE8CC91817A6305000618363 /* ConvertViewControllerTests.m */; };
		DE88CA0117E1B4C900F3896C /* Converter.m in Sources */ = {isa = PBXBuildFile; fileRef = DE6CF1D810F48BAF006EC6D5 /* Converter.m */; };
		DE88CA0217E1B52E00F3896C /* ConvertAppDelegate.m in Sources */ = {isa = PBXBuildFile; fileRef = 1D3623250D0F684500981E51 /* ConvertAppDelegate.m */; };
		DE88CA0317E1B53800F3896C /* ConvertViewController.m in Sources */ = {isa = PBXBuildFile; fileRef = 28D7ACF70DDB3853001CB0EB /* ConvertViewController.m */; };
		DE9241D115EB3C0F00604F3E /* scripts in Resources */ = {isa = PBXBuildFile; fileRef = DE9241D015EB3C0F00604F3E /* scripts */; };
		DEA5891F10F5925B00D43BBC /* beepscoreIcon.png in Resources */ = {isa = PBXBuildFile; fileRef = DEA5891E10F5925B00D43BBC /* beepscoreIcon.png */; };
		DEBB7A7C17E1CE8900F5B28A /* libGoogleAnalytics_debug.a in Frameworks */ = {isa = PBXBuildFile; fileRef = DE269942179F48E900A78B11 /* libGoogleAnalytics_debug.a */; };
/* End PBXBuildFile section */

/* Begin PBXContainerItemProxy section */
		DE88C9F917E1B3CC00F3896C /* PBXContainerItemProxy */ = {
			isa = PBXContainerItemProxy;
			containerPortal = 29B97313FDCFA39411CA2CEA /* Project object */;
			proxyType = 1;
			remoteGlobalIDString = 1D6058900D05DD3D006BFB54;
			remoteInfo = Convert;
		};
/* End PBXContainerItemProxy section */

/* Begin PBXFileReference section */
		1D30AB110D05D00D00671497 /* Foundation.framework */ = {isa = PBXFileReference; lastKnownFileType = wrapper.framework; name = Foundation.framework; path = System/Library/Frameworks/Foundation.framework; sourceTree = SDKROOT; };
		1D3623240D0F684500981E51 /* ConvertAppDelegate.h */ = {isa = PBXFileReference; fileEncoding = 4; lastKnownFileType = sourcecode.c.h; path = ConvertAppDelegate.h; sourceTree = "<group>"; };
		1D3623250D0F684500981E51 /* ConvertAppDelegate.m */ = {isa = PBXFileReference; fileEncoding = 4; lastKnownFileType = sourcecode.c.objc; path = ConvertAppDelegate.m; sourceTree = "<group>"; };
		1D6058910D05DD3D006BFB54 /* Convert.app */ = {isa = PBXFileReference; explicitFileType = wrapper.application; includeInIndex = 0; path = Convert.app; sourceTree = BUILT_PRODUCTS_DIR; };
		1DF5F4DF0D08C38300B7A737 /* UIKit.framework */ = {isa = PBXFileReference; lastKnownFileType = wrapper.framework; name = UIKit.framework; path = System/Library/Frameworks/UIKit.framework; sourceTree = SDKROOT; };
		288765A40DF7441C002DB57D /* CoreGraphics.framework */ = {isa = PBXFileReference; lastKnownFileType = wrapper.framework; name = CoreGraphics.framework; path = System/Library/Frameworks/CoreGraphics.framework; sourceTree = SDKROOT; };
		28D7ACF60DDB3853001CB0EB /* ConvertViewController.h */ = {isa = PBXFileReference; fileEncoding = 4; lastKnownFileType = sourcecode.c.h; path = ConvertViewController.h; sourceTree = "<group>"; };
		28D7ACF70DDB3853001CB0EB /* ConvertViewController.m */ = {isa = PBXFileReference; fileEncoding = 4; lastKnownFileType = sourcecode.c.objc; path = ConvertViewController.m; sourceTree = "<group>"; };
		29B97316FDCFA39411CA2CEA /* main.m */ = {isa = PBXFileReference; fileEncoding = 4; lastKnownFileType = sourcecode.c.objc; path = main.m; sourceTree = "<group>"; };
		32CA4F630368D1EE00C91783 /* Convert_Prefix.pch */ = {isa = PBXFileReference; fileEncoding = 4; lastKnownFileType = sourcecode.c.h; path = Convert_Prefix.pch; sourceTree = "<group>"; };
		8D1107310486CEB800E47090 /* Convert-Info.plist */ = {isa = PBXFileReference; fileEncoding = 4; lastKnownFileType = text.plist.xml; path = "Convert-Info.plist"; plistStructureDefinitionIdentifier = "com.apple.xcode.plist.structure-definition.iphone.info-plist"; sourceTree = "<group>"; };
		DE269940179F48D400A78B11 /* libGoogleAnalytics.a */ = {isa = PBXFileReference; lastKnownFileType = archive.ar; name = libGoogleAnalytics.a; path = "GoogleAdMobAdsSdkiOS-6.5.0/Add-ons/GoogleAnalyticsiOS_2.0beta4/Library/libGoogleAnalytics.a"; sourceTree = "<group>"; };
		DE269942179F48E900A78B11 /* libGoogleAnalytics_debug.a */ = {isa = PBXFileReference; lastKnownFileType = archive.ar; name = libGoogleAnalytics_debug.a; path = "GoogleAdMobAdsSdkiOS-6.5.0/Add-ons/GoogleAnalyticsiOS_2.0beta4/Library/libGoogleAnalytics_debug.a"; sourceTree = "<group>"; };
		DE2A7A9614A1BE5C003745EA /* convert-ui-test.js */ = {isa = PBXFileReference; lastKnownFileType = sourcecode.javascript; lineEnding = 0; path = "convert-ui-test.js"; sourceTree = "<group>"; xcLanguageSpecificationIdentifier = xcode.lang.javascript; };
		DE340F7517A6298C00EEFC97 /* libOCMock.a */ = {isa = PBXFileReference; lastKnownFileType = archive.ar; path = libOCMock.a; sourceTree = "<group>"; };
		DE3CBE9317A63BC3002209D3 /* ConvertViewController_Private.h */ = {isa = PBXFileReference; fileEncoding = 4; lastKnownFileType = sourcecode.c.h; path = ConvertViewController_Private.h; sourceTree = "<group>"; };
		DE478D8917A612A300E1893B /* ConvertAppDelegateTests.m */ = {isa = PBXFileReference; fileEncoding = 4; lastKnownFileType = sourcecode.c.objc; path = ConvertAppDelegateTests.m; sourceTree = "<group>"; };
		DE595230179EFF4A00D2B18D /* MainStoryboard.storyboard */ = {isa = PBXFileReference; fileEncoding = 4; lastKnownFileType = file.storyboard; name = MainStoryboard.storyboard; path = ../MainStoryboard.storyboard; sourceTree = "<group>"; };
		DE5D418111D2A15D00900B4A /* LogicTests-Info.plist */ = {isa = PBXFileReference; lastKnownFileType = text.plist.xml; path = "LogicTests-Info.plist"; sourceTree = "<group>"; };
		DE5F98FF14FB1F1400A9A3E0 /* assertions.js */ = {isa = PBXFileReference; lastKnownFileType = sourcecode.javascript; path = assertions.js; sourceTree = "<group>"; };
		DE5F990014FB1F1400A9A3E0 /* lang-ext.js */ = {isa = PBXFileReference; lastKnownFileType = sourcecode.javascript; path = "lang-ext.js"; sourceTree = "<group>"; };
		DE5F990114FB1F1400A9A3E0 /* LICENSE */ = {isa = PBXFileReference; lastKnownFileType = text; path = LICENSE; sourceTree = "<group>"; };
		DE5F990214FB1F1400A9A3E0 /* README.md */ = {isa = PBXFileReference; lastKnownFileType = text; path = README.md; sourceTree = "<group>"; };
		DE5F990314FB1F1400A9A3E0 /* screen.js */ = {isa = PBXFileReference; lastKnownFileType = sourcecode.javascript; path = screen.js; sourceTree = "<group>"; };
		DE5F990414FB1F1400A9A3E0 /* test.js */ = {isa = PBXFileReference; lastKnownFileType = sourcecode.javascript; path = test.js; sourceTree = "<group>"; };
		DE5F990514FB1F1400A9A3E0 /* tuneup.js */ = {isa = PBXFileReference; lastKnownFileType = sourcecode.javascript; path = tuneup.js; sourceTree = "<group>"; };
		DE5F990614FB1F1400A9A3E0 /* uiautomation-ext.js */ = {isa = PBXFileReference; lastKnownFileType = sourcecode.javascript; path = "uiautomation-ext.js"; sourceTree = "<group>"; };
		DE6CF1D710F48BAF006EC6D5 /* Converter.h */ = {isa = PBXFileReference; fileEncoding = 4; lastKnownFileType = sourcecode.c.h; path = Converter.h; sourceTree = "<group>"; };
		DE6CF1D810F48BAF006EC6D5 /* Converter.m */ = {isa = PBXFileReference; fileEncoding = 4; lastKnownFileType = sourcecode.c.objc; path = Converter.m; sourceTree = "<group>"; };
		DE73C8B91644EAC300E65D91 /* Default-568h@2x.png */ = {isa = PBXFileReference; lastKnownFileType = image.png; path = "Default-568h@2x.png"; sourceTree = "<group>"; };
		DE7ACDFB179F4812009EABF1 /* CoreData.framework */ = {isa = PBXFileReference; lastKnownFileType = wrapper.framework; name = CoreData.framework; path = System/Library/Frameworks/CoreData.framework; sourceTree = SDKROOT; };
		DE7ACDFD179F481E009EABF1 /* SystemConfiguration.framework */ = {isa = PBXFileReference; lastKnownFileType = wrapper.framework; name = SystemConfiguration.framework; path = System/Library/Frameworks/SystemConfiguration.framework; sourceTree = SDKROOT; };
		DE88C9EB17E1B3CC00F3896C /* ConvertTests.xctest */ = {isa = PBXFileReference; explicitFileType = wrapper.cfbundle; includeInIndex = 0; path = ConvertTests.xctest; sourceTree = BUILT_PRODUCTS_DIR; };
		DE88C9EC17E1B3CC00F3896C /* XCTest.framework */ = {isa = PBXFileReference; lastKnownFileType = wrapper.framework; name = XCTest.framework; path = Library/Frameworks/XCTest.framework; sourceTree = DEVELOPER_DIR; };
		DE88C9F217E1B3CC00F3896C /* ConvertTests-Info.plist */ = {isa = PBXFileReference; lastKnownFileType = text.plist.xml; path = "ConvertTests-Info.plist"; sourceTree = "<group>"; };
		DE88C9F417E1B3CC00F3896C /* en */ = {isa = PBXFileReference; lastKnownFileType = text.plist.strings; name = en; path = en.lproj/InfoPlist.strings; sourceTree = "<group>"; };
		DE88C9F817E1B3CC00F3896C /* ConvertTests-Prefix.pch */ = {isa = PBXFileReference; lastKnownFileType = sourcecode.c.h; path = "ConvertTests-Prefix.pch"; sourceTree = "<group>"; };
		DE8CC91817A6305000618363 /* ConvertViewControllerTests.m */ = {isa = PBXFileReference; fileEncoding = 4; lastKnownFileType = sourcecode.c.objc; path = ConvertViewControllerTests.m; sourceTree = "<group>"; };
		DE9241D015EB3C0F00604F3E /* scripts */ = {isa = PBXFileReference; lastKnownFileType = folder; path = scripts; sourceTree = "<group>"; };
		DEA5891E10F5925B00D43BBC /* beepscoreIcon.png */ = {isa = PBXFileReference; lastKnownFileType = image.png; path = beepscoreIcon.png; sourceTree = "<group>"; };
		DEAA335515DF6D980047578D /* READMEJenkins.md */ = {isa = PBXFileReference; lastKnownFileType = text; path = READMEJenkins.md; sourceTree = "<group>"; };
		DEB992B417A628E1009F5A96 /* License.txt */ = {isa = PBXFileReference; fileEncoding = 4; lastKnownFileType = text; path = License.txt; sourceTree = "<group>"; };
		DEB992B517A628E1009F5A96 /* NSNotificationCenter+OCMAdditions.h */ = {isa = PBXFileReference; fileEncoding = 4; lastKnownFileType = sourcecode.c.h; path = "NSNotificationCenter+OCMAdditions.h"; sourceTree = "<group>"; };
		DEB992B617A628E1009F5A96 /* OCMArg.h */ = {isa = PBXFileReference; fileEncoding = 4; lastKnownFileType = sourcecode.c.h; path = OCMArg.h; sourceTree = "<group>"; };
		DEB992B717A628E1009F5A96 /* OCMConstraint.h */ = {isa = PBXFileReference; fileEncoding = 4; lastKnownFileType = sourcecode.c.h; path = OCMConstraint.h; sourceTree = "<group>"; };
		DEB992B817A628E1009F5A96 /* OCMock.h */ = {isa = PBXFileReference; fileEncoding = 4; lastKnownFileType = sourcecode.c.h; path = OCMock.h; sourceTree = "<group>"; };
		DEB992B917A628E1009F5A96 /* OCMockObject.h */ = {isa = PBXFileReference; fileEncoding = 4; lastKnownFileType = sourcecode.c.h; path = OCMockObject.h; sourceTree = "<group>"; };
		DEB992BA17A628E1009F5A96 /* OCMockRecorder.h */ = {isa = PBXFileReference; fileEncoding = 4; lastKnownFileType = sourcecode.c.h; path = OCMockRecorder.h; sourceTree = "<group>"; };
		DEC53660179F46F60033A227 /* GAI.h */ = {isa = PBXFileReference; fileEncoding = 4; lastKnownFileType = sourcecode.c.h; name = GAI.h; path = "GoogleAdMobAdsSdkiOS-6.5.0/Add-ons/GoogleAnalyticsiOS_2.0beta4/Library/GAI.h"; sourceTree = "<group>"; };
		DEC53661179F46F60033A227 /* GAITrackedViewController.h */ = {isa = PBXFileReference; fileEncoding = 4; lastKnownFileType = sourcecode.c.h; name = GAITrackedViewController.h; path = "GoogleAdMobAdsSdkiOS-6.5.0/Add-ons/GoogleAnalyticsiOS_2.0beta4/Library/GAITrackedViewController.h"; sourceTree = "<group>"; };
		DEC53662179F46F60033A227 /* GAITracker.h */ = {isa = PBXFileReference; fileEncoding = 4; lastKnownFileType = sourcecode.c.h; name = GAITracker.h; path = "GoogleAdMobAdsSdkiOS-6.5.0/Add-ons/GoogleAnalyticsiOS_2.0beta4/Library/GAITracker.h"; sourceTree = "<group>"; };
		DEC53663179F46F60033A227 /* GAITransaction.h */ = {isa = PBXFileReference; fileEncoding = 4; lastKnownFileType = sourcecode.c.h; name = GAITransaction.h; path = "GoogleAdMobAdsSdkiOS-6.5.0/Add-ons/GoogleAnalyticsiOS_2.0beta4/Library/GAITransaction.h"; sourceTree = "<group>"; };
		DEC53664179F46F60033A227 /* GAITransactionItem.h */ = {isa = PBXFileReference; fileEncoding = 4; lastKnownFileType = sourcecode.c.h; name = GAITransactionItem.h; path = "GoogleAdMobAdsSdkiOS-6.5.0/Add-ons/GoogleAnalyticsiOS_2.0beta4/Library/GAITransactionItem.h"; sourceTree = "<group>"; };
		DEE9285117A61A3800A5C1C8 /* ConvertAppDelegate_Private.h */ = {isa = PBXFileReference; fileEncoding = 4; lastKnownFileType = sourcecode.c.h; path = ConvertAppDelegate_Private.h; sourceTree = "<group>"; };
		DEF67DC917A60EB700CD9169 /* ConverterTests.m */ = {isa = PBXFileReference; fileEncoding = 4; lastKnownFileType = sourcecode.c.objc; path = ConverterTests.m; sourceTree = "<group>"; };
		DEFA0F2811D307980094EEC0 /* README.md */ = {isa = PBXFileReference; fileEncoding = 4; lastKnownFileType = text; path = README.md; sourceTree = "<group>"; };
/* End PBXFileReference section */

/* Begin PBXFrameworksBuildPhase section */
		1D60588F0D05DD3D006BFB54 /* Frameworks */ = {
			isa = PBXFrameworksBuildPhase;
			buildActionMask = 2147483647;
			files = (
				DE269943179F48EA00A78B11 /* libGoogleAnalytics_debug.a in Frameworks */,
				DE269941179F48D400A78B11 /* libGoogleAnalytics.a in Frameworks */,
				DE7ACDFE179F481E009EABF1 /* SystemConfiguration.framework in Frameworks */,
				DE7ACDFC179F4812009EABF1 /* CoreData.framework in Frameworks */,
				1D60589F0D05DD5A006BFB54 /* Foundation.framework in Frameworks */,
				1DF5F4E00D08C38300B7A737 /* UIKit.framework in Frameworks */,
				288765A50DF7441C002DB57D /* CoreGraphics.framework in Frameworks */,
			);
			runOnlyForDeploymentPostprocessing = 0;
		};
		DE88C9E817E1B3CC00F3896C /* Frameworks */ = {
			isa = PBXFrameworksBuildPhase;
			buildActionMask = 2147483647;
			files = (
				DEBB7A7C17E1CE8900F5B28A /* libGoogleAnalytics_debug.a in Frameworks */,
				DE88C9ED17E1B3CC00F3896C /* XCTest.framework in Frameworks */,
				DE6429A617E1B97600AB80BF /* CoreData.framework in Frameworks */,
				DE64299E17E1B59100AB80BF /* libOCMock.a in Frameworks */,
				DE88C9EF17E1B3CC00F3896C /* UIKit.framework in Frameworks */,
				DE6429A917E1B99C00AB80BF /* SystemConfiguration.framework in Frameworks */,
				DE88C9EE17E1B3CC00F3896C /* Foundation.framework in Frameworks */,
			);
			runOnlyForDeploymentPostprocessing = 0;
		};
/* End PBXFrameworksBuildPhase section */

/* Begin PBXGroup section */
		080E96DDFE201D6D7F000001 /* Classes */ = {
			isa = PBXGroup;
			children = (
				DE595230179EFF4A00D2B18D /* MainStoryboard.storyboard */,
				1D3623240D0F684500981E51 /* ConvertAppDelegate.h */,
				DEE9285117A61A3800A5C1C8 /* ConvertAppDelegate_Private.h */,
				1D3623250D0F684500981E51 /* ConvertAppDelegate.m */,
				DE6CF1D710F48BAF006EC6D5 /* Converter.h */,
				DE6CF1D810F48BAF006EC6D5 /* Converter.m */,
				28D7ACF60DDB3853001CB0EB /* ConvertViewController.h */,
				DE3CBE9317A63BC3002209D3 /* ConvertViewController_Private.h */,
				28D7ACF70DDB3853001CB0EB /* ConvertViewController.m */,
			);
			path = Classes;
			sourceTree = "<group>";
		};
		19C28FACFE9D520D11CA2CBB /* Products */ = {
			isa = PBXGroup;
			children = (
				1D6058910D05DD3D006BFB54 /* Convert.app */,
				DE88C9EB17E1B3CC00F3896C /* ConvertTests.xctest */,
			);
			name = Products;
			sourceTree = "<group>";
		};
		29B97314FDCFA39411CA2CEA /* CustomTemplate */ = {
			isa = PBXGroup;
			children = (
				DEB992B317A628E1009F5A96 /* OCMock */,
				DEC5365E179F462E0033A227 /* GoogleAnalytics */,
				DE5F98FE14FB1F1400A9A3E0 /* tuneup */,
				DEFA0F2811D307980094EEC0 /* README.md */,
				DEAA335515DF6D980047578D /* READMEJenkins.md */,
				DE9241D015EB3C0F00604F3E /* scripts */,
				080E96DDFE201D6D7F000001 /* Classes */,
				29B97315FDCFA39411CA2CEA /* Other Sources */,
				29B97317FDCFA39411CA2CEA /* Resources */,
				DE88C9F017E1B3CC00F3896C /* ConvertTests */,
				29B97323FDCFA39411CA2CEA /* Frameworks */,
				19C28FACFE9D520D11CA2CBB /* Products */,
				DE2A7A9514A1BE5C003745EA /* UIAutomationTests */,
			);
			name = CustomTemplate;
			sourceTree = "<group>";
		};
		29B97315FDCFA39411CA2CEA /* Other Sources */ = {
			isa = PBXGroup;
			children = (
				32CA4F630368D1EE00C91783 /* Convert_Prefix.pch */,
				29B97316FDCFA39411CA2CEA /* main.m */,
			);
			name = "Other Sources";
			sourceTree = "<group>";
		};
		29B97317FDCFA39411CA2CEA /* Resources */ = {
			isa = PBXGroup;
			children = (
				DE73C8B91644EAC300E65D91 /* Default-568h@2x.png */,
				DEA5891E10F5925B00D43BBC /* beepscoreIcon.png */,
				8D1107310486CEB800E47090 /* Convert-Info.plist */,
				DE5D418111D2A15D00900B4A /* LogicTests-Info.plist */,
			);
			name = Resources;
			sourceTree = "<group>";
		};
		29B97323FDCFA39411CA2CEA /* Frameworks */ = {
			isa = PBXGroup;
			children = (
				DE340F7517A6298C00EEFC97 /* libOCMock.a */,
				DE269942179F48E900A78B11 /* libGoogleAnalytics_debug.a */,
				DE269940179F48D400A78B11 /* libGoogleAnalytics.a */,
				DE7ACDFD179F481E009EABF1 /* SystemConfiguration.framework */,
				DE7ACDFB179F4812009EABF1 /* CoreData.framework */,
				1DF5F4DF0D08C38300B7A737 /* UIKit.framework */,
				1D30AB110D05D00D00671497 /* Foundation.framework */,
				288765A40DF7441C002DB57D /* CoreGraphics.framework */,
				DE88C9EC17E1B3CC00F3896C /* XCTest.framework */,
			);
			name = Frameworks;
			sourceTree = "<group>";
		};
		DE2A7A9514A1BE5C003745EA /* UIAutomationTests */ = {
			isa = PBXGroup;
			children = (
				DE2A7A9614A1BE5C003745EA /* convert-ui-test.js */,
			);
			path = UIAutomationTests;
			sourceTree = "<group>";
		};
		DE5F98FE14FB1F1400A9A3E0 /* tuneup */ = {
			isa = PBXGroup;
			children = (
				DE5F98FF14FB1F1400A9A3E0 /* assertions.js */,
				DE5F990014FB1F1400A9A3E0 /* lang-ext.js */,
				DE5F990114FB1F1400A9A3E0 /* LICENSE */,
				DE5F990214FB1F1400A9A3E0 /* README.md */,
				DE5F990314FB1F1400A9A3E0 /* screen.js */,
				DE5F990414FB1F1400A9A3E0 /* test.js */,
				DE5F990514FB1F1400A9A3E0 /* tuneup.js */,
				DE5F990614FB1F1400A9A3E0 /* uiautomation-ext.js */,
			);
			path = tuneup;
			sourceTree = "<group>";
		};
		DE88C9F017E1B3CC00F3896C /* ConvertTests */ = {
			isa = PBXGroup;
			children = (
				DEF67DC917A60EB700CD9169 /* ConverterTests.m */,
				DE478D8917A612A300E1893B /* ConvertAppDelegateTests.m */,
				DE8CC91817A6305000618363 /* ConvertViewControllerTests.m */,
				DE88C9F117E1B3CC00F3896C /* Supporting Files */,
			);
			path = ConvertTests;
			sourceTree = "<group>";
		};
		DE88C9F117E1B3CC00F3896C /* Supporting Files */ = {
			isa = PBXGroup;
			children = (
				DE88C9F217E1B3CC00F3896C /* ConvertTests-Info.plist */,
				DE88C9F317E1B3CC00F3896C /* InfoPlist.strings */,
				DE88C9F817E1B3CC00F3896C /* ConvertTests-Prefix.pch */,
			);
			name = "Supporting Files";
			sourceTree = "<group>";
		};
		DEB992B317A628E1009F5A96 /* OCMock */ = {
			isa = PBXGroup;
			children = (
				DEB992B417A628E1009F5A96 /* License.txt */,
				DEB992B517A628E1009F5A96 /* NSNotificationCenter+OCMAdditions.h */,
				DEB992B617A628E1009F5A96 /* OCMArg.h */,
				DEB992B717A628E1009F5A96 /* OCMConstraint.h */,
				DEB992B817A628E1009F5A96 /* OCMock.h */,
				DEB992B917A628E1009F5A96 /* OCMockObject.h */,
				DEB992BA17A628E1009F5A96 /* OCMockRecorder.h */,
			);
			path = OCMock;
			sourceTree = "<group>";
		};
		DEC5365E179F462E0033A227 /* GoogleAnalytics */ = {
			isa = PBXGroup;
			children = (
				DEC5365F179F46AD0033A227 /* Library */,
			);
			name = GoogleAnalytics;
			sourceTree = "<group>";
		};
		DEC5365F179F46AD0033A227 /* Library */ = {
			isa = PBXGroup;
			children = (
				DEC53660179F46F60033A227 /* GAI.h */,
				DEC53661179F46F60033A227 /* GAITrackedViewController.h */,
				DEC53662179F46F60033A227 /* GAITracker.h */,
				DEC53663179F46F60033A227 /* GAITransaction.h */,
				DEC53664179F46F60033A227 /* GAITransactionItem.h */,
			);
			name = Library;
			sourceTree = "<group>";
		};
/* End PBXGroup section */

/* Begin PBXNativeTarget section */
		1D6058900D05DD3D006BFB54 /* Convert */ = {
			isa = PBXNativeTarget;
			buildConfigurationList = 1D6058960D05DD3E006BFB54 /* Build configuration list for PBXNativeTarget "Convert" */;
			buildPhases = (
				1D60588D0D05DD3D006BFB54 /* Resources */,
				1D60588E0D05DD3D006BFB54 /* Sources */,
				1D60588F0D05DD3D006BFB54 /* Frameworks */,
			);
			buildRules = (
			);
			dependencies = (
			);
			name = Convert;
			productName = Convert;
			productReference = 1D6058910D05DD3D006BFB54 /* Convert.app */;
			productType = "com.apple.product-type.application";
		};
		DE88C9EA17E1B3CC00F3896C /* ConvertTests */ = {
			isa = PBXNativeTarget;
			buildConfigurationList = DE88C9FB17E1B3CC00F3896C /* Build configuration list for PBXNativeTarget "ConvertTests" */;
			buildPhases = (
				DE88C9E717E1B3CC00F3896C /* Sources */,
				DE88C9E817E1B3CC00F3896C /* Frameworks */,
				DE88C9E917E1B3CC00F3896C /* Resources */,
			);
			buildRules = (
			);
			dependencies = (
				DE88C9FA17E1B3CC00F3896C /* PBXTargetDependency */,
			);
			name = ConvertTests;
			productName = ConvertTests;
			productReference = DE88C9EB17E1B3CC00F3896C /* ConvertTests.xctest */;
			productType = "com.apple.product-type.bundle.unit-test";
		};
/* End PBXNativeTarget section */

/* Begin PBXProject section */
		29B97313FDCFA39411CA2CEA /* Project object */ = {
			isa = PBXProject;
			attributes = {
				LastUpgradeCheck = 0500;
				ORGANIZATIONNAME = "Beepscore LLC";
				TargetAttributes = {
					DE88C9EA17E1B3CC00F3896C = {
						TestTargetID = 1D6058900D05DD3D006BFB54;
					};
				};
			};
			buildConfigurationList = C01FCF4E08A954540054247B /* Build configuration list for PBXProject "Convert" */;
			compatibilityVersion = "Xcode 3.2";
			developmentRegion = English;
			hasScannedForEncodings = 1;
			knownRegions = (
				English,
				Japanese,
				French,
				German,
				en,
			);
			mainGroup = 29B97314FDCFA39411CA2CEA /* CustomTemplate */;
			projectDirPath = "";
			projectRoot = "";
			targets = (
				1D6058900D05DD3D006BFB54 /* Convert */,
				DE88C9EA17E1B3CC00F3896C /* ConvertTests */,
			);
		};
/* End PBXProject section */

/* Begin PBXResourcesBuildPhase section */
		1D60588D0D05DD3D006BFB54 /* Resources */ = {
			isa = PBXResourcesBuildPhase;
			buildActionMask = 2147483647;
			files = (
				DEA5891F10F5925B00D43BBC /* beepscoreIcon.png in Resources */,
				DE9241D115EB3C0F00604F3E /* scripts in Resources */,
				DE73C8BA1644EAC300E65D91 /* Default-568h@2x.png in Resources */,
				DE595231179EFF4A00D2B18D /* MainStoryboard.storyboard in Resources */,
			);
			runOnlyForDeploymentPostprocessing = 0;
		};
		DE88C9E917E1B3CC00F3896C /* Resources */ = {
			isa = PBXResourcesBuildPhase;
			buildActionMask = 2147483647;
			files = (
				DE6429A317E1B77000AB80BF /* License.txt in Resources */,
				DE6429A217E1B75800AB80BF /* MainStoryboard.storyboard in Resources */,
				DE88C9F517E1B3CC00F3896C /* InfoPlist.strings in Resources */,
			);
			runOnlyForDeploymentPostprocessing = 0;
		};
/* End PBXResourcesBuildPhase section */

/* Begin PBXSourcesBuildPhase section */
		1D60588E0D05DD3D006BFB54 /* Sources */ = {
			isa = PBXSourcesBuildPhase;
			buildActionMask = 2147483647;
			files = (
				1D60589B0D05DD56006BFB54 /* main.m in Sources */,
				1D3623260D0F684500981E51 /* ConvertAppDelegate.m in Sources */,
				28D7ACF80DDB3853001CB0EB /* ConvertViewController.m in Sources */,
				DE6CF1D910F48BAF006EC6D5 /* Converter.m in Sources */,
			);
			runOnlyForDeploymentPostprocessing = 0;
		};
		DE88C9E717E1B3CC00F3896C /* Sources */ = {
			isa = PBXSourcesBuildPhase;
			buildActionMask = 2147483647;
			files = (
				DE88CA0317E1B53800F3896C /* ConvertViewController.m in Sources */,
				DE88C9FE17E1B46500F3896C /* ConverterTests.m in Sources */,
				DE88C9FF17E1B46500F3896C /* ConvertAppDelegateTests.m in Sources */,
				DE88CA0217E1B52E00F3896C /* ConvertAppDelegate.m in Sources */,
				DE88CA0117E1B4C900F3896C /* Converter.m in Sources */,
				DE88CA0017E1B46500F3896C /* ConvertViewControllerTests.m in Sources */,
			);
			runOnlyForDeploymentPostprocessing = 0;
		};
/* End PBXSourcesBuildPhase section */

/* Begin PBXTargetDependency section */
		DE88C9FA17E1B3CC00F3896C /* PBXTargetDependency */ = {
			isa = PBXTargetDependency;
			target = 1D6058900D05DD3D006BFB54 /* Convert */;
			targetProxy = DE88C9F917E1B3CC00F3896C /* PBXContainerItemProxy */;
		};
/* End PBXTargetDependency section */

/* Begin PBXVariantGroup section */
		DE88C9F317E1B3CC00F3896C /* InfoPlist.strings */ = {
			isa = PBXVariantGroup;
			children = (
				DE88C9F417E1B3CC00F3896C /* en */,
			);
			name = InfoPlist.strings;
			sourceTree = "<group>";
		};
/* End PBXVariantGroup section */

/* Begin XCBuildConfiguration section */
		1D6058940D05DD3E006BFB54 /* Debug */ = {
			isa = XCBuildConfiguration;
			buildSettings = {
				ALWAYS_SEARCH_USER_PATHS = NO;
				CLANG_ENABLE_OBJC_ARC = YES;
				COPY_PHASE_STRIP = NO;
				GCC_DYNAMIC_NO_PIC = NO;
				GCC_OPTIMIZATION_LEVEL = 0;
				GCC_PRECOMPILE_PREFIX_HEADER = YES;
				GCC_PREFIX_HEADER = Convert_Prefix.pch;
				HEADER_SEARCH_PATHS = (
					"$(inherited)",
					/Applications/Xcode.app/Contents/Developer/Toolchains/XcodeDefault.xctoolchain/usr/include,
				);
				INFOPLIST_FILE = "Convert-Info.plist";
				LIBRARY_SEARCH_PATHS = (
					"$(inherited)",
					"$(SRCROOT)/**",
				);
				PRODUCT_NAME = Convert;
				TEST_AFTER_BUILD = YES;
			};
			name = Debug;
		};
		1D6058950D05DD3E006BFB54 /* Release */ = {
			isa = XCBuildConfiguration;
			buildSettings = {
				ALWAYS_SEARCH_USER_PATHS = NO;
				CLANG_ENABLE_OBJC_ARC = YES;
				CODE_SIGN_IDENTITY = "iPhone Distribution";
				"CODE_SIGN_IDENTITY[sdk=iphoneos*]" = "iPhone Distribution";
				COPY_PHASE_STRIP = YES;
				GCC_PRECOMPILE_PREFIX_HEADER = YES;
				GCC_PREFIX_HEADER = Convert_Prefix.pch;
				HEADER_SEARCH_PATHS = (
					"$(inherited)",
					/Applications/Xcode.app/Contents/Developer/Toolchains/XcodeDefault.xctoolchain/usr/include,
				);
				INFOPLIST_FILE = "Convert-Info.plist";
				LIBRARY_SEARCH_PATHS = (
					"$(inherited)",
					"$(SRCROOT)/**",
				);
				PRODUCT_NAME = Convert;
				PROVISIONING_PROFILE = "";
				"PROVISIONING_PROFILE[sdk=iphoneos*]" = "";
				TEST_AFTER_BUILD = YES;
			};
			name = Release;
		};
		C01FCF4F08A954540054247B /* Debug */ = {
			isa = XCBuildConfiguration;
			buildSettings = {
				CODE_SIGN_IDENTITY = "iPhone Developer";
				"CODE_SIGN_IDENTITY[sdk=iphoneos*]" = "iPhone Developer";
				GCC_C_LANGUAGE_STANDARD = c99;
				GCC_WARN_ABOUT_RETURN_TYPE = YES;
				GCC_WARN_UNUSED_VARIABLE = YES;
				IPHONEOS_DEPLOYMENT_TARGET = 7.0;
				ONLY_ACTIVE_ARCH = YES;
				PROVISIONING_PROFILE = "";
				"PROVISIONING_PROFILE[sdk=iphoneos*]" = "";
				SDKROOT = iphoneos;
			};
			name = Debug;
		};
		C01FCF5008A954540054247B /* Release */ = {
			isa = XCBuildConfiguration;
			buildSettings = {
				CODE_SIGN_IDENTITY = "iPhone Distribution";
				"CODE_SIGN_IDENTITY[sdk=iphoneos*]" = "iPhone Distribution";
				GCC_C_LANGUAGE_STANDARD = c99;
				GCC_WARN_ABOUT_RETURN_TYPE = YES;
				GCC_WARN_UNUSED_VARIABLE = YES;
				IPHONEOS_DEPLOYMENT_TARGET = 7.0;
				ONLY_ACTIVE_ARCH = NO;
				PROVISIONING_PROFILE = "";
				"PROVISIONING_PROFILE[sdk=iphoneos*]" = "";
				SDKROOT = iphoneos;
			};
			name = Release;
		};
		DE88C9FC17E1B3CC00F3896C /* Debug */ = {
			isa = XCBuildConfiguration;
			buildSettings = {
				ALWAYS_SEARCH_USER_PATHS = NO;
				ARCHS = "$(ARCHS_STANDARD_INCLUDING_64_BIT)";
				BUNDLE_LOADER = "$(BUILT_PRODUCTS_DIR)/Convert.app/Convert";
				CLANG_CXX_LANGUAGE_STANDARD = "gnu++0x";
				CLANG_CXX_LIBRARY = "libc++";
				CLANG_ENABLE_MODULES = YES;
				CLANG_ENABLE_OBJC_ARC = YES;
				CLANG_WARN_BOOL_CONVERSION = YES;
				CLANG_WARN_CONSTANT_CONVERSION = YES;
				CLANG_WARN_DIRECT_OBJC_ISA_USAGE = YES_ERROR;
				CLANG_WARN_EMPTY_BODY = YES;
				CLANG_WARN_ENUM_CONVERSION = YES;
				CLANG_WARN_INT_CONVERSION = YES;
				CLANG_WARN_OBJC_ROOT_CLASS = YES_ERROR;
				CLANG_WARN__DUPLICATE_METHOD_MATCH = YES;
				COPY_PHASE_STRIP = NO;
				FRAMEWORK_SEARCH_PATHS = (
					"$(SDKROOT)/Developer/Library/Frameworks",
					"$(inherited)",
					"$(DEVELOPER_FRAMEWORKS_DIR)",
				);
				GCC_C_LANGUAGE_STANDARD = gnu99;
				GCC_DYNAMIC_NO_PIC = NO;
				GCC_OPTIMIZATION_LEVEL = 0;
				GCC_PRECOMPILE_PREFIX_HEADER = YES;
				GCC_PREFIX_HEADER = "ConvertTests/ConvertTests-Prefix.pch";
				GCC_PREPROCESSOR_DEFINITIONS = (
					"DEBUG=1",
					"$(inherited)",
				);
				GCC_SYMBOLS_PRIVATE_EXTERN = NO;
				GCC_WARN_64_TO_32_BIT_CONVERSION = YES;
				GCC_WARN_ABOUT_RETURN_TYPE = YES_ERROR;
				GCC_WARN_UNDECLARED_SELECTOR = YES;
				GCC_WARN_UNINITIALIZED_AUTOS = YES;
				GCC_WARN_UNUSED_FUNCTION = YES;
				HEADER_SEARCH_PATHS = "$(inherited)";
				INFOPLIST_FILE = "ConvertTests/ConvertTests-Info.plist";
				IPHONEOS_DEPLOYMENT_TARGET = 7.0;
				LIBRARY_SEARCH_PATHS = (
					"$(inherited)",
					"$(SRCROOT)",
					"/Users/stevebaker/Documents/projects/iOSProjects/Convert/GoogleAdMobAdsSdkiOS-6.5.0/Add-ons/GoogleAnalyticsiOS_2.0beta4/Library",
				);
				OTHER_LDFLAGS = (
					"-framework",
					XCTest,
					"-force_load",
					"\"$(SRCROOT)/libOCMock.a\"",
					"-ObjC",
				);
				PRODUCT_NAME = "$(TARGET_NAME)";
				TEST_HOST = "$(BUNDLE_LOADER)";
				WRAPPER_EXTENSION = xctest;
			};
			name = Debug;
		};
		DE88C9FD17E1B3CC00F3896C /* Release */ = {
			isa = XCBuildConfiguration;
			buildSettings = {
				ALWAYS_SEARCH_USER_PATHS = NO;
				ARCHS = "$(ARCHS_STANDARD_INCLUDING_64_BIT)";
				BUNDLE_LOADER = "$(BUILT_PRODUCTS_DIR)/Convert.app/Convert";
				CLANG_CXX_LANGUAGE_STANDARD = "gnu++0x";
				CLANG_CXX_LIBRARY = "libc++";
				CLANG_ENABLE_MODULES = YES;
				CLANG_ENABLE_OBJC_ARC = YES;
				CLANG_WARN_BOOL_CONVERSION = YES;
				CLANG_WARN_CONSTANT_CONVERSION = YES;
				CLANG_WARN_DIRECT_OBJC_ISA_USAGE = YES_ERROR;
				CLANG_WARN_EMPTY_BODY = YES;
				CLANG_WARN_ENUM_CONVERSION = YES;
				CLANG_WARN_INT_CONVERSION = YES;
				CLANG_WARN_OBJC_ROOT_CLASS = YES_ERROR;
				CLANG_WARN__DUPLICATE_METHOD_MATCH = YES;
				COPY_PHASE_STRIP = YES;
				ENABLE_NS_ASSERTIONS = NO;
				FRAMEWORK_SEARCH_PATHS = (
					"$(SDKROOT)/Developer/Library/Frameworks",
					"$(inherited)",
					"$(DEVELOPER_FRAMEWORKS_DIR)",
				);
				GCC_C_LANGUAGE_STANDARD = gnu99;
				GCC_PRECOMPILE_PREFIX_HEADER = YES;
				GCC_PREFIX_HEADER = "ConvertTests/ConvertTests-Prefix.pch";
				GCC_WARN_64_TO_32_BIT_CONVERSION = YES;
				GCC_WARN_ABOUT_RETURN_TYPE = YES_ERROR;
				GCC_WARN_UNDECLARED_SELECTOR = YES;
				GCC_WARN_UNINITIALIZED_AUTOS = YES;
				GCC_WARN_UNUSED_FUNCTION = YES;
				HEADER_SEARCH_PATHS = "$(inherited)";
				INFOPLIST_FILE = "ConvertTests/ConvertTests-Info.plist";
				IPHONEOS_DEPLOYMENT_TARGET = 7.0;
				LIBRARY_SEARCH_PATHS = (
					"$(inherited)",
					"$(SRCROOT)",
					"/Users/stevebaker/Documents/projects/iOSProjects/Convert/GoogleAdMobAdsSdkiOS-6.5.0/Add-ons/GoogleAnalyticsiOS_2.0beta4/Library",
				);
				OTHER_LDFLAGS = (
					"-framework",
					XCTest,
					"-force_load",
					"\"$(SRCROOT)/libOCMock.a\"",
					"-ObjC",
				);
				PRODUCT_NAME = "$(TARGET_NAME)";
				TEST_HOST = "$(BUNDLE_LOADER)";
				VALIDATE_PRODUCT = YES;
				WRAPPER_EXTENSION = xctest;
			};
			name = Release;
		};
/* End XCBuildConfiguration section */

/* Begin XCConfigurationList section */
		1D6058960D05DD3E006BFB54 /* Build configuration list for PBXNativeTarget "Convert" */ = {
			isa = XCConfigurationList;
			buildConfigurations = (
				1D6058940D05DD3E006BFB54 /* Debug */,
				1D6058950D05DD3E006BFB54 /* Release */,
			);
			defaultConfigurationIsVisible = 0;
			defaultConfigurationName = Release;
		};
		C01FCF4E08A954540054247B /* Build configuration list for PBXProject "Convert" */ = {
			isa = XCConfigurationList;
			buildConfigurations = (
				C01FCF4F08A954540054247B /* Debug */,
				C01FCF5008A954540054247B /* Release */,
			);
			defaultConfigurationIsVisible = 0;
			defaultConfigurationName = Release;
		};
		DE88C9FB17E1B3CC00F3896C /* Build configuration list for PBXNativeTarget "ConvertTests" */ = {
			isa = XCConfigurationList;
			buildConfigurations = (
				DE88C9FC17E1B3CC00F3896C /* Debug */,
				DE88C9FD17E1B3CC00F3896C /* Release */,
			);
			defaultConfigurationIsVisible = 0;
			defaultConfigurationName = Release;
		};
/* End XCConfigurationList section */
	};
	rootObject = 29B97313FDCFA39411CA2CEA /* Project object */;
}
