// !$*UTF8*$!
{
	archiveVersion = 1;
	classes = {
	};
	objectVersion = 46;
	objects = {

/* Begin PBXBuildFile section */
		1D3623260D0F684500981E51 /* ConvertAppDelegate.m in Sources */ = {isa = PBXBuildFile; fileRef = 1D3623250D0F684500981E51 /* ConvertAppDelegate.m */; };
		1D60589B0D05DD56006BFB54 /* main.m in Sources */ = {isa = PBXBuildFile; fileRef = 29B97316FDCFA39411CA2CEA /* main.m */; };
		1D60589F0D05DD5A006BFB54 /* Foundation.framework in Frameworks */ = {isa = PBXBuildFile; fileRef = 1D30AB110D05D00D00671497 /* Foundation.framework */; };
		1DF5F4E00D08C38300B7A737 /* UIKit.framework in Frameworks */ = {isa = PBXBuildFile; fileRef = 1DF5F4DF0D08C38300B7A737 /* UIKit.framework */; };
		288765A50DF7441C002DB57D /* CoreGraphics.framework in Frameworks */ = {isa = PBXBuildFile; fileRef = 288765A40DF7441C002DB57D /* CoreGraphics.framework */; };
		2899E5220DE3E06400AC0155 /* ConvertViewController.xib in Resources */ = {isa = PBXBuildFile; fileRef = 2899E5210DE3E06400AC0155 /* ConvertViewController.xib */; };
		28AD733F0D9D9553002E5188 /* MainWindow.xib in Resources */ = {isa = PBXBuildFile; fileRef = 28AD733E0D9D9553002E5188 /* MainWindow.xib */; };
		28D7ACF80DDB3853001CB0EB /* ConvertViewController.m in Sources */ = {isa = PBXBuildFile; fileRef = 28D7ACF70DDB3853001CB0EB /* ConvertViewController.m */; };
		DE5D41B611D2A32000900B4A /* LogicTests.m in Sources */ = {isa = PBXBuildFile; fileRef = DE5D41B511D2A32000900B4A /* LogicTests.m */; };
		DE6CF1D910F48BAF006EC6D5 /* Converter.m in Sources */ = {isa = PBXBuildFile; fileRef = DE6CF1D810F48BAF006EC6D5 /* Converter.m */; };
		DE8F8CD511D2B1F6006AFC0B /* Converter.m in Sources */ = {isa = PBXBuildFile; fileRef = DE6CF1D810F48BAF006EC6D5 /* Converter.m */; };
		DEA5891F10F5925B00D43BBC /* beepscoreIcon.png in Resources */ = {isa = PBXBuildFile; fileRef = DEA5891E10F5925B00D43BBC /* beepscoreIcon.png */; };
		DEFA0F2911D307980094EEC0 /* ReadMe.txt in Resources */ = {isa = PBXBuildFile; fileRef = DEFA0F2811D307980094EEC0 /* ReadMe.txt */; };
/* End PBXBuildFile section */

/* Begin PBXContainerItemProxy section */
		DEFA0F3411D30B950094EEC0 /* PBXContainerItemProxy */ = {
			isa = PBXContainerItemProxy;
			containerPortal = 29B97313FDCFA39411CA2CEA /* Project object */;
			proxyType = 1;
			remoteGlobalIDString = 1D6058900D05DD3D006BFB54;
			remoteInfo = Convert;
		};
/* End PBXContainerItemProxy section */

/* Begin PBXFileReference section */
		1D30AB110D05D00D00671497 /* Foundation.framework */ = {isa = PBXFileReference; lastKnownFileType = wrapper.framework; name = Foundation.framework; path = System/Library/Frameworks/Foundation.framework; sourceTree = SDKROOT; };
		1D3623240D0F684500981E51 /* ConvertAppDelegate.h */ = {isa = PBXFileReference; fileEncoding = 4; lastKnownFileType = sourcecode.c.h; path = ConvertAppDelegate.h; sourceTree = "<group>"; };
		1D3623250D0F684500981E51 /* ConvertAppDelegate.m */ = {isa = PBXFileReference; fileEncoding = 4; lastKnownFileType = sourcecode.c.objc; path = ConvertAppDelegate.m; sourceTree = "<group>"; };
		1D6058910D05DD3D006BFB54 /* Convert.app */ = {isa = PBXFileReference; explicitFileType = wrapper.application; includeInIndex = 0; path = Convert.app; sourceTree = BUILT_PRODUCTS_DIR; };
		1DF5F4DF0D08C38300B7A737 /* UIKit.framework */ = {isa = PBXFileReference; lastKnownFileType = wrapper.framework; name = UIKit.framework; path = System/Library/Frameworks/UIKit.framework; sourceTree = SDKROOT; };
		288765A40DF7441C002DB57D /* CoreGraphics.framework */ = {isa = PBXFileReference; lastKnownFileType = wrapper.framework; name = CoreGraphics.framework; path = System/Library/Frameworks/CoreGraphics.framework; sourceTree = SDKROOT; };
		2899E5210DE3E06400AC0155 /* ConvertViewController.xib */ = {isa = PBXFileReference; lastKnownFileType = file.xib; path = ConvertViewController.xib; sourceTree = "<group>"; };
		28AD733E0D9D9553002E5188 /* MainWindow.xib */ = {isa = PBXFileReference; lastKnownFileType = file.xib; path = MainWindow.xib; sourceTree = "<group>"; };
		28D7ACF60DDB3853001CB0EB /* ConvertViewController.h */ = {isa = PBXFileReference; fileEncoding = 4; lastKnownFileType = sourcecode.c.h; path = ConvertViewController.h; sourceTree = "<group>"; };
		28D7ACF70DDB3853001CB0EB /* ConvertViewController.m */ = {isa = PBXFileReference; fileEncoding = 4; lastKnownFileType = sourcecode.c.objc; path = ConvertViewController.m; sourceTree = "<group>"; };
		29B97316FDCFA39411CA2CEA /* main.m */ = {isa = PBXFileReference; fileEncoding = 4; lastKnownFileType = sourcecode.c.objc; path = main.m; sourceTree = "<group>"; };
		32CA4F630368D1EE00C91783 /* Convert_Prefix.pch */ = {isa = PBXFileReference; fileEncoding = 4; lastKnownFileType = sourcecode.c.h; path = Convert_Prefix.pch; sourceTree = "<group>"; };
		8D1107310486CEB800E47090 /* Convert-Info.plist */ = {isa = PBXFileReference; fileEncoding = 4; lastKnownFileType = text.plist.xml; path = "Convert-Info.plist"; plistStructureDefinitionIdentifier = "com.apple.xcode.plist.structure-definition.iphone.info-plist"; sourceTree = "<group>"; };
		DE2A7A9614A1BE5C003745EA /* convert-ui-test.js */ = {isa = PBXFileReference; lastKnownFileType = sourcecode.javascript; lineEnding = 0; path = "convert-ui-test.js"; sourceTree = "<group>"; xcLanguageSpecificationIdentifier = xcode.lang.javascript; };
		DE2A7A9814A1BE5C003745EA /* assertions.js */ = {isa = PBXFileReference; lastKnownFileType = sourcecode.javascript; path = assertions.js; sourceTree = "<group>"; };
		DE2A7A9914A1BE5C003745EA /* lang-ext.js */ = {isa = PBXFileReference; lastKnownFileType = sourcecode.javascript; path = "lang-ext.js"; sourceTree = "<group>"; };
		DE2A7A9A14A1BE5C003745EA /* LICENSE */ = {isa = PBXFileReference; lastKnownFileType = text; path = LICENSE; sourceTree = "<group>"; };
		DE2A7A9B14A1BE5C003745EA /* README.md */ = {isa = PBXFileReference; lastKnownFileType = text; path = README.md; sourceTree = "<group>"; };
		DE2A7A9C14A1BE5C003745EA /* screen.js */ = {isa = PBXFileReference; lastKnownFileType = sourcecode.javascript; path = screen.js; sourceTree = "<group>"; };
		DE2A7A9D14A1BE5C003745EA /* test.js */ = {isa = PBXFileReference; lastKnownFileType = sourcecode.javascript; path = test.js; sourceTree = "<group>"; };
		DE2A7A9E14A1BE5C003745EA /* tuneup.js */ = {isa = PBXFileReference; lastKnownFileType = sourcecode.javascript; path = tuneup.js; sourceTree = "<group>"; };
		DE2A7A9F14A1BE5C003745EA /* uiautomation-ext.js */ = {isa = PBXFileReference; lastKnownFileType = sourcecode.javascript; path = "uiautomation-ext.js"; sourceTree = "<group>"; };
		DE5D418011D2A15D00900B4A /* LogicTests.octest */ = {isa = PBXFileReference; explicitFileType = wrapper.cfbundle; includeInIndex = 0; path = LogicTests.octest; sourceTree = BUILT_PRODUCTS_DIR; };
		DE5D418111D2A15D00900B4A /* LogicTests-Info.plist */ = {isa = PBXFileReference; lastKnownFileType = text.plist.xml; path = "LogicTests-Info.plist"; sourceTree = "<group>"; };
		DE5D41B411D2A32000900B4A /* LogicTests.h */ = {isa = PBXFileReference; fileEncoding = 4; lastKnownFileType = sourcecode.c.h; path = LogicTests.h; sourceTree = "<group>"; };
		DE5D41B511D2A32000900B4A /* LogicTests.m */ = {isa = PBXFileReference; fileEncoding = 4; lastKnownFileType = sourcecode.c.objc; path = LogicTests.m; sourceTree = "<group>"; };
		DE6CF1D710F48BAF006EC6D5 /* Converter.h */ = {isa = PBXFileReference; fileEncoding = 4; lastKnownFileType = sourcecode.c.h; path = Converter.h; sourceTree = "<group>"; };
		DE6CF1D810F48BAF006EC6D5 /* Converter.m */ = {isa = PBXFileReference; fileEncoding = 4; lastKnownFileType = sourcecode.c.objc; path = Converter.m; sourceTree = "<group>"; };
		DEA5891E10F5925B00D43BBC /* beepscoreIcon.png */ = {isa = PBXFileReference; lastKnownFileType = image.png; path = beepscoreIcon.png; sourceTree = "<group>"; };
		DEFA0F2811D307980094EEC0 /* ReadMe.txt */ = {isa = PBXFileReference; fileEncoding = 4; lastKnownFileType = text; path = ReadMe.txt; sourceTree = "<group>"; };
/* End PBXFileReference section */

/* Begin PBXFrameworksBuildPhase section */
		1D60588F0D05DD3D006BFB54 /* Frameworks */ = {
			isa = PBXFrameworksBuildPhase;
			buildActionMask = 2147483647;
			files = (
				1D60589F0D05DD5A006BFB54 /* Foundation.framework in Frameworks */,
				1DF5F4E00D08C38300B7A737 /* UIKit.framework in Frameworks */,
				288765A50DF7441C002DB57D /* CoreGraphics.framework in Frameworks */,
			);
			runOnlyForDeploymentPostprocessing = 0;
		};
		DE5D417D11D2A15D00900B4A /* Frameworks */ = {
			isa = PBXFrameworksBuildPhase;
			buildActionMask = 2147483647;
			files = (
			);
			runOnlyForDeploymentPostprocessing = 0;
		};
/* End PBXFrameworksBuildPhase section */

/* Begin PBXGroup section */
		080E96DDFE201D6D7F000001 /* Classes */ = {
			isa = PBXGroup;
			children = (
				1D3623240D0F684500981E51 /* ConvertAppDelegate.h */,
				1D3623250D0F684500981E51 /* ConvertAppDelegate.m */,
				DE6CF1D710F48BAF006EC6D5 /* Converter.h */,
				DE6CF1D810F48BAF006EC6D5 /* Converter.m */,
				28D7ACF60DDB3853001CB0EB /* ConvertViewController.h */,
				28D7ACF70DDB3853001CB0EB /* ConvertViewController.m */,
			);
			path = Classes;
			sourceTree = "<group>";
		};
		19C28FACFE9D520D11CA2CBB /* Products */ = {
			isa = PBXGroup;
			children = (
				1D6058910D05DD3D006BFB54 /* Convert.app */,
				DE5D418011D2A15D00900B4A /* LogicTests.octest */,
			);
			name = Products;
			sourceTree = "<group>";
		};
		29B97314FDCFA39411CA2CEA /* CustomTemplate */ = {
			isa = PBXGroup;
			children = (
				DEFA0F2811D307980094EEC0 /* ReadMe.txt */,
				080E96DDFE201D6D7F000001 /* Classes */,
				29B97315FDCFA39411CA2CEA /* Other Sources */,
				29B97317FDCFA39411CA2CEA /* Resources */,
				29B97323FDCFA39411CA2CEA /* Frameworks */,
				19C28FACFE9D520D11CA2CBB /* Products */,
				DE5D41B011D2A1E100900B4A /* Tests */,
				DE2A7A9514A1BE5C003745EA /* UIAutomationTests */,
			);
			name = CustomTemplate;
			sourceTree = "<group>";
		};
		29B97315FDCFA39411CA2CEA /* Other Sources */ = {
			isa = PBXGroup;
			children = (
				32CA4F630368D1EE00C91783 /* Convert_Prefix.pch */,
				29B97316FDCFA39411CA2CEA /* main.m */,
			);
			name = "Other Sources";
			sourceTree = "<group>";
		};
		29B97317FDCFA39411CA2CEA /* Resources */ = {
			isa = PBXGroup;
			children = (
				DEA5891E10F5925B00D43BBC /* beepscoreIcon.png */,
				8D1107310486CEB800E47090 /* Convert-Info.plist */,
				2899E5210DE3E06400AC0155 /* ConvertViewController.xib */,
				DE5D418111D2A15D00900B4A /* LogicTests-Info.plist */,
				28AD733E0D9D9553002E5188 /* MainWindow.xib */,
			);
			name = Resources;
			sourceTree = "<group>";
		};
		29B97323FDCFA39411CA2CEA /* Frameworks */ = {
			isa = PBXGroup;
			children = (
				1DF5F4DF0D08C38300B7A737 /* UIKit.framework */,
				1D30AB110D05D00D00671497 /* Foundation.framework */,
				288765A40DF7441C002DB57D /* CoreGraphics.framework */,
			);
			name = Frameworks;
			sourceTree = "<group>";
		};
		DE2A7A9514A1BE5C003745EA /* UIAutomationTests */ = {
			isa = PBXGroup;
			children = (
				DE2A7A9614A1BE5C003745EA /* convert-ui-test.js */,
				DE2A7A9714A1BE5C003745EA /* tuneup_js */,
			);
			path = UIAutomationTests;
			sourceTree = "<group>";
		};
		DE2A7A9714A1BE5C003745EA /* tuneup_js */ = {
			isa = PBXGroup;
			children = (
				DE2A7A9814A1BE5C003745EA /* assertions.js */,
				DE2A7A9914A1BE5C003745EA /* lang-ext.js */,
				DE2A7A9A14A1BE5C003745EA /* LICENSE */,
				DE2A7A9B14A1BE5C003745EA /* README.md */,
				DE2A7A9C14A1BE5C003745EA /* screen.js */,
				DE2A7A9D14A1BE5C003745EA /* test.js */,
				DE2A7A9E14A1BE5C003745EA /* tuneup.js */,
				DE2A7A9F14A1BE5C003745EA /* uiautomation-ext.js */,
			);
			path = tuneup_js;
			sourceTree = "<group>";
		};
		DE5D41B011D2A1E100900B4A /* Tests */ = {
			isa = PBXGroup;
			children = (
				DE5D41B411D2A32000900B4A /* LogicTests.h */,
				DE5D41B511D2A32000900B4A /* LogicTests.m */,
			);
			name = Tests;
			sourceTree = "<group>";
		};
/* End PBXGroup section */

/* Begin PBXNativeTarget section */
		1D6058900D05DD3D006BFB54 /* Convert */ = {
			isa = PBXNativeTarget;
			buildConfigurationList = 1D6058960D05DD3E006BFB54 /* Build configuration list for PBXNativeTarget "Convert" */;
			buildPhases = (
				1D60588D0D05DD3D006BFB54 /* Resources */,
				1D60588E0D05DD3D006BFB54 /* Sources */,
				1D60588F0D05DD3D006BFB54 /* Frameworks */,
			);
			buildRules = (
			);
			dependencies = (
			);
			name = Convert;
			productName = Convert;
			productReference = 1D6058910D05DD3D006BFB54 /* Convert.app */;
			productType = "com.apple.product-type.application";
		};
		DE5D417F11D2A15D00900B4A /* LogicTests */ = {
			isa = PBXNativeTarget;
			buildConfigurationList = DE5D418411D2A15E00900B4A /* Build configuration list for PBXNativeTarget "LogicTests" */;
			buildPhases = (
				DE5D417B11D2A15D00900B4A /* Resources */,
				DE5D417C11D2A15D00900B4A /* Sources */,
				DE5D417D11D2A15D00900B4A /* Frameworks */,
				DE5D417E11D2A15D00900B4A /* ShellScript */,
			);
			buildRules = (
			);
			dependencies = (
				DEFA0F3511D30B950094EEC0 /* PBXTargetDependency */,
			);
			name = LogicTests;
			productName = LogicTests;
			productReference = DE5D418011D2A15D00900B4A /* LogicTests.octest */;
			productType = "com.apple.product-type.bundle";
		};
/* End PBXNativeTarget section */

/* Begin PBXProject section */
		29B97313FDCFA39411CA2CEA /* Project object */ = {
			isa = PBXProject;
			attributes = {
				LastUpgradeCheck = 0420;
				ORGANIZATIONNAME = "Beepscore LLC";
			};
			buildConfigurationList = C01FCF4E08A954540054247B /* Build configuration list for PBXProject "Convert" */;
			compatibilityVersion = "Xcode 3.2";
			developmentRegion = English;
			hasScannedForEncodings = 1;
			knownRegions = (
				English,
				Japanese,
				French,
				German,
			);
			mainGroup = 29B97314FDCFA39411CA2CEA /* CustomTemplate */;
			projectDirPath = "";
			projectRoot = "";
			targets = (
				1D6058900D05DD3D006BFB54 /* Convert */,
				DE5D417F11D2A15D00900B4A /* LogicTests */,
			);
		};
/* End PBXProject section */

/* Begin PBXResourcesBuildPhase section */
		1D60588D0D05DD3D006BFB54 /* Resources */ = {
			isa = PBXResourcesBuildPhase;
			buildActionMask = 2147483647;
			files = (
				28AD733F0D9D9553002E5188 /* MainWindow.xib in Resources */,
				2899E5220DE3E06400AC0155 /* ConvertViewController.xib in Resources */,
				DEA5891F10F5925B00D43BBC /* beepscoreIcon.png in Resources */,
			);
			runOnlyForDeploymentPostprocessing = 0;
		};
		DE5D417B11D2A15D00900B4A /* Resources */ = {
			isa = PBXResourcesBuildPhase;
			buildActionMask = 2147483647;
			files = (
				DEFA0F2911D307980094EEC0 /* ReadMe.txt in Resources */,
			);
			runOnlyForDeploymentPostprocessing = 0;
		};
/* End PBXResourcesBuildPhase section */

/* Begin PBXShellScriptBuildPhase section */
		DE5D417E11D2A15D00900B4A /* ShellScript */ = {
			isa = PBXShellScriptBuildPhase;
			buildActionMask = 2147483647;
			files = (
			);
			inputPaths = (
			);
			outputPaths = (
			);
			runOnlyForDeploymentPostprocessing = 0;
			shellPath = /bin/sh;
			shellScript = "# Run the unit tests in this test bundle.\n\"${SYSTEM_DEVELOPER_DIR}/Tools/RunUnitTests\"\n";
		};
/* End PBXShellScriptBuildPhase section */

/* Begin PBXSourcesBuildPhase section */
		1D60588E0D05DD3D006BFB54 /* Sources */ = {
			isa = PBXSourcesBuildPhase;
			buildActionMask = 2147483647;
			files = (
				1D60589B0D05DD56006BFB54 /* main.m in Sources */,
				1D3623260D0F684500981E51 /* ConvertAppDelegate.m in Sources */,
				28D7ACF80DDB3853001CB0EB /* ConvertViewController.m in Sources */,
				DE6CF1D910F48BAF006EC6D5 /* Converter.m in Sources */,
			);
			runOnlyForDeploymentPostprocessing = 0;
		};
		DE5D417C11D2A15D00900B4A /* Sources */ = {
			isa = PBXSourcesBuildPhase;
			buildActionMask = 2147483647;
			files = (
				DE8F8CD511D2B1F6006AFC0B /* Converter.m in Sources */,
				DE5D41B611D2A32000900B4A /* LogicTests.m in Sources */,
			);
			runOnlyForDeploymentPostprocessing = 0;
		};
/* End PBXSourcesBuildPhase section */

/* Begin PBXTargetDependency section */
		DEFA0F3511D30B950094EEC0 /* PBXTargetDependency */ = {
			isa = PBXTargetDependency;
			target = 1D6058900D05DD3D006BFB54 /* Convert */;
			targetProxy = DEFA0F3411D30B950094EEC0 /* PBXContainerItemProxy */;
		};
/* End PBXTargetDependency section */

/* Begin XCBuildConfiguration section */
		1D6058940D05DD3E006BFB54 /* Debug */ = {
			isa = XCBuildConfiguration;
			buildSettings = {
				ALWAYS_SEARCH_USER_PATHS = NO;
				COPY_PHASE_STRIP = NO;
				GCC_DYNAMIC_NO_PIC = NO;
				GCC_OPTIMIZATION_LEVEL = 0;
				GCC_PRECOMPILE_PREFIX_HEADER = YES;
				GCC_PREFIX_HEADER = Convert_Prefix.pch;
				INFOPLIST_FILE = "Convert-Info.plist";
				PRODUCT_NAME = Convert;
			};
			name = Debug;
		};
		1D6058950D05DD3E006BFB54 /* Release */ = {
			isa = XCBuildConfiguration;
			buildSettings = {
				ALWAYS_SEARCH_USER_PATHS = NO;
				COPY_PHASE_STRIP = YES;
				GCC_PRECOMPILE_PREFIX_HEADER = YES;
				GCC_PREFIX_HEADER = Convert_Prefix.pch;
				INFOPLIST_FILE = "Convert-Info.plist";
				PRODUCT_NAME = Convert;
			};
			name = Release;
		};
		C01FCF4F08A954540054247B /* Debug */ = {
			isa = XCBuildConfiguration;
			buildSettings = {
				ARCHS = "$(ARCHS_STANDARD_32_BIT)";
				"CODE_SIGN_IDENTITY[sdk=iphoneos*]" = "iPhone Developer";
				GCC_C_LANGUAGE_STANDARD = c99;
				GCC_WARN_ABOUT_RETURN_TYPE = YES;
				GCC_WARN_UNUSED_VARIABLE = YES;
				ONLY_ACTIVE_ARCH = NO;
				"PROVISIONING_PROFILE[sdk=iphoneos*]" = "";
				SDKROOT = iphoneos;
			};
			name = Debug;
		};
		C01FCF5008A954540054247B /* Release */ = {
			isa = XCBuildConfiguration;
			buildSettings = {
				ARCHS = "$(ARCHS_STANDARD_32_BIT)";
				"CODE_SIGN_IDENTITY[sdk=iphoneos*]" = "iPhone Developer";
				GCC_C_LANGUAGE_STANDARD = c99;
				GCC_WARN_ABOUT_RETURN_TYPE = YES;
				GCC_WARN_UNUSED_VARIABLE = YES;
				ONLY_ACTIVE_ARCH = NO;
				"PROVISIONING_PROFILE[sdk=iphoneos*]" = "";
				SDKROOT = iphoneos;
			};
			name = Release;
		};
		DE5D418211D2A15E00900B4A /* Debug */ = {
			isa = XCBuildConfiguration;
			buildSettings = {
				ALWAYS_SEARCH_USER_PATHS = NO;
				"CODE_SIGN_IDENTITY[sdk=iphoneos*]" = "iPhone Developer";
				COPY_PHASE_STRIP = NO;
				FRAMEWORK_SEARCH_PATHS = (
					"\"$(SDKROOT)/Developer/Library/Frameworks\"",
					"\"$(DEVELOPER_LIBRARY_DIR)/Frameworks\"",
				);
				GCC_DYNAMIC_NO_PIC = NO;
				GCC_ENABLE_OBJC_EXCEPTIONS = YES;
				GCC_OPTIMIZATION_LEVEL = 0;
				INFOPLIST_FILE = "LogicTests-Info.plist";
				OTHER_LDFLAGS = (
					"-framework",
					Foundation,
					"-framework",
					SenTestingKit,
					"-framework",
					UIKit,
				);
				PRODUCT_NAME = LogicTests;
				"PROVISIONING_PROFILE[sdk=iphoneos*]" = "";
				SDKROOT = iphoneos;
				WRAPPER_EXTENSION = octest;
			};
			name = Debug;
		};
		DE5D418311D2A15E00900B4A /* Release */ = {
			isa = XCBuildConfiguration;
			buildSettings = {
				ALWAYS_SEARCH_USER_PATHS = NO;
				"CODE_SIGN_IDENTITY[sdk=iphoneos*]" = "";
				COPY_PHASE_STRIP = YES;
				DEBUG_INFORMATION_FORMAT = "dwarf-with-dsym";
				FRAMEWORK_SEARCH_PATHS = (
					"\"$(SDKROOT)/Developer/Library/Frameworks\"",
					"\"$(DEVELOPER_LIBRARY_DIR)/Frameworks\"",
				);
				GCC_ENABLE_OBJC_EXCEPTIONS = YES;
				INFOPLIST_FILE = "LogicTests-Info.plist";
				OTHER_LDFLAGS = (
					"-framework",
					Foundation,
					"-framework",
					SenTestingKit,
					"-framework",
					UIKit,
				);
				PRODUCT_NAME = LogicTests;
				SDKROOT = iphoneos;
				WRAPPER_EXTENSION = octest;
				ZERO_LINK = NO;
			};
			name = Release;
		};
/* End XCBuildConfiguration section */

/* Begin XCConfigurationList section */
		1D6058960D05DD3E006BFB54 /* Build configuration list for PBXNativeTarget "Convert" */ = {
			isa = XCConfigurationList;
			buildConfigurations = (
				1D6058940D05DD3E006BFB54 /* Debug */,
				1D6058950D05DD3E006BFB54 /* Release */,
			);
			defaultConfigurationIsVisible = 0;
			defaultConfigurationName = Release;
		};
		C01FCF4E08A954540054247B /* Build configuration list for PBXProject "Convert" */ = {
			isa = XCConfigurationList;
			buildConfigurations = (
				C01FCF4F08A954540054247B /* Debug */,
				C01FCF5008A954540054247B /* Release */,
			);
			defaultConfigurationIsVisible = 0;
			defaultConfigurationName = Release;
		};
		DE5D418411D2A15E00900B4A /* Build configuration list for PBXNativeTarget "LogicTests" */ = {
			isa = XCConfigurationList;
			buildConfigurations = (
				DE5D418211D2A15E00900B4A /* Debug */,
				DE5D418311D2A15E00900B4A /* Release */,
			);
			defaultConfigurationIsVisible = 0;
			defaultConfigurationName = Release;
		};
/* End XCConfigurationList section */
	};
	rootObject = 29B97313FDCFA39411CA2CEA /* Project object */;
}
